// !$*UTF8*$!
{
	archiveVersion = 1;
	classes = {
	};
	objectVersion = 50;
	objects = {

/* Begin PBXBuildFile section */
		654F4CC120E69E6B007B5688 /* SwipeTableViewController.swift in Sources */ = {isa = PBXBuildFile; fileRef = 654F4CC020E69E6B007B5688 /* SwipeTableViewController.swift */; };
		6554C3D120E6383600A030DA /* CatagoryViewController.swift in Sources */ = {isa = PBXBuildFile; fileRef = 6554C3D020E6383600A030DA /* CatagoryViewController.swift */; };
		65BB781520E3D93100A3E353 /* AppDelegate.swift in Sources */ = {isa = PBXBuildFile; fileRef = 65BB781420E3D93100A3E353 /* AppDelegate.swift */; };
		65BB781720E3D93100A3E353 /* ToDoListViewController.swift in Sources */ = {isa = PBXBuildFile; fileRef = 65BB781620E3D93100A3E353 /* ToDoListViewController.swift */; };
		65BB781A20E3D93100A3E353 /* Main.storyboard in Resources */ = {isa = PBXBuildFile; fileRef = 65BB781820E3D93100A3E353 /* Main.storyboard */; };
		65BB781C20E3D93300A3E353 /* Assets.xcassets in Resources */ = {isa = PBXBuildFile; fileRef = 65BB781B20E3D93300A3E353 /* Assets.xcassets */; };
		65BB781F20E3D93300A3E353 /* LaunchScreen.storyboard in Resources */ = {isa = PBXBuildFile; fileRef = 65BB781D20E3D93300A3E353 /* LaunchScreen.storyboard */; };
		65CA663920E66285003502F5 /* Item.swift in Sources */ = {isa = PBXBuildFile; fileRef = 65CA663820E66285003502F5 /* Item.swift */; };
		65CA663B20E66296003502F5 /* Catagory.swift in Sources */ = {isa = PBXBuildFile; fileRef = 65CA663A20E66296003502F5 /* Catagory.swift */; };
		C5BE3C149F519FA5AD24449B /* Pods_ToDoey.framework in Frameworks */ = {isa = PBXBuildFile; fileRef = 331ACA0033D7F8D1FD264EBD /* Pods_ToDoey.framework */; };
/* End PBXBuildFile section */

/* Begin PBXFileReference section */
		331ACA0033D7F8D1FD264EBD /* Pods_ToDoey.framework */ = {isa = PBXFileReference; explicitFileType = wrapper.framework; includeInIndex = 0; path = Pods_ToDoey.framework; sourceTree = BUILT_PRODUCTS_DIR; };
		40EA08D4BC67E3DFAFCC05C9 /* Pods-ToDoey.release.xcconfig */ = {isa = PBXFileReference; includeInIndex = 1; lastKnownFileType = text.xcconfig; name = "Pods-ToDoey.release.xcconfig"; path = "Pods/Target Support Files/Pods-ToDoey/Pods-ToDoey.release.xcconfig"; sourceTree = "<group>"; };
		654F4CC020E69E6B007B5688 /* SwipeTableViewController.swift */ = {isa = PBXFileReference; lastKnownFileType = sourcecode.swift; path = SwipeTableViewController.swift; sourceTree = "<group>"; };
		6554C3D020E6383600A030DA /* CatagoryViewController.swift */ = {isa = PBXFileReference; lastKnownFileType = sourcecode.swift; path = CatagoryViewController.swift; sourceTree = "<group>"; };
		65BB781120E3D93100A3E353 /* ToDoey.app */ = {isa = PBXFileReference; explicitFileType = wrapper.application; includeInIndex = 0; path = ToDoey.app; sourceTree = BUILT_PRODUCTS_DIR; };
		65BB781420E3D93100A3E353 /* AppDelegate.swift */ = {isa = PBXFileReference; lastKnownFileType = sourcecode.swift; path = AppDelegate.swift; sourceTree = "<group>"; };
		65BB781620E3D93100A3E353 /* ToDoListViewController.swift */ = {isa = PBXFileReference; lastKnownFileType = sourcecode.swift; path = ToDoListViewController.swift; sourceTree = "<group>"; };
		65BB781920E3D93100A3E353 /* Base */ = {isa = PBXFileReference; lastKnownFileType = file.storyboard; name = Base; path = Base.lproj/Main.storyboard; sourceTree = "<group>"; };
		65BB781B20E3D93300A3E353 /* Assets.xcassets */ = {isa = PBXFileReference; lastKnownFileType = folder.assetcatalog; path = Assets.xcassets; sourceTree = "<group>"; };
		65BB781E20E3D93300A3E353 /* Base */ = {isa = PBXFileReference; lastKnownFileType = file.storyboard; name = Base; path = Base.lproj/LaunchScreen.storyboard; sourceTree = "<group>"; };
		65BB782020E3D93300A3E353 /* Info.plist */ = {isa = PBXFileReference; lastKnownFileType = text.plist.xml; path = Info.plist; sourceTree = "<group>"; };
		65CA663820E66285003502F5 /* Item.swift */ = {isa = PBXFileReference; lastKnownFileType = sourcecode.swift; path = Item.swift; sourceTree = "<group>"; };
		65CA663A20E66296003502F5 /* Catagory.swift */ = {isa = PBXFileReference; lastKnownFileType = sourcecode.swift; path = Catagory.swift; sourceTree = "<group>"; };
		8D7A6A988655E09D60ED3A69 /* Pods-ToDoey.debug.xcconfig */ = {isa = PBXFileReference; includeInIndex = 1; lastKnownFileType = text.xcconfig; name = "Pods-ToDoey.debug.xcconfig"; path = "Pods/Target Support Files/Pods-ToDoey/Pods-ToDoey.debug.xcconfig"; sourceTree = "<group>"; };
/* End PBXFileReference section */

/* Begin PBXFrameworksBuildPhase section */
		65BB780E20E3D93100A3E353 /* Frameworks */ = {
			isa = PBXFrameworksBuildPhase;
			buildActionMask = 2147483647;
			files = (
				C5BE3C149F519FA5AD24449B /* Pods_ToDoey.framework in Frameworks */,
			);
			runOnlyForDeploymentPostprocessing = 0;
		};
/* End PBXFrameworksBuildPhase section */

/* Begin PBXGroup section */
		6595BB3220E4FD54007D6363 /* Data Model */ = {
			isa = PBXGroup;
			children = (
				65CA663A20E66296003502F5 /* Catagory.swift */,
				65CA663820E66285003502F5 /* Item.swift */,
			);
			path = "Data Model";
			sourceTree = "<group>";
		};
		6595BB3320E4FD76007D6363 /* Controllers */ = {
			isa = PBXGroup;
			children = (
				654F4CC020E69E6B007B5688 /* SwipeTableViewController.swift */,
				6554C3D020E6383600A030DA /* CatagoryViewController.swift */,
				65BB781620E3D93100A3E353 /* ToDoListViewController.swift */,
			);
			path = Controllers;
			sourceTree = "<group>";
		};
		6595BB3420E4FD9B007D6363 /* Views */ = {
			isa = PBXGroup;
			children = (
				65BB781820E3D93100A3E353 /* Main.storyboard */,
			);
			path = Views;
			sourceTree = "<group>";
		};
		6595BB3520E4FDC2007D6363 /* Supporting Files */ = {
			isa = PBXGroup;
			children = (
				65BB781B20E3D93300A3E353 /* Assets.xcassets */,
				65BB781D20E3D93300A3E353 /* LaunchScreen.storyboard */,
			);
			path = "Supporting Files";
			sourceTree = "<group>";
		};
		65BB780820E3D93100A3E353 = {
			isa = PBXGroup;
			children = (
				65BB781320E3D93100A3E353 /* ToDoey */,
				65BB781220E3D93100A3E353 /* Products */,
				EE1AC1DDF2C0D31676409E37 /* Pods */,
				8DC8CC1C8E8FFF3DB89827E5 /* Frameworks */,
			);
			sourceTree = "<group>";
		};
		65BB781220E3D93100A3E353 /* Products */ = {
			isa = PBXGroup;
			children = (
				65BB781120E3D93100A3E353 /* ToDoey.app */,
			);
			name = Products;
			sourceTree = "<group>";
		};
		65BB781320E3D93100A3E353 /* ToDoey */ = {
			isa = PBXGroup;
			children = (
				65BB781420E3D93100A3E353 /* AppDelegate.swift */,
				6595BB3320E4FD76007D6363 /* Controllers */,
				6595BB3420E4FD9B007D6363 /* Views */,
				6595BB3520E4FDC2007D6363 /* Supporting Files */,
				65BB782020E3D93300A3E353 /* Info.plist */,
				6595BB3220E4FD54007D6363 /* Data Model */,
			);
			path = ToDoey;
			sourceTree = "<group>";
		};
		8DC8CC1C8E8FFF3DB89827E5 /* Frameworks */ = {
			isa = PBXGroup;
			children = (
				331ACA0033D7F8D1FD264EBD /* Pods_ToDoey.framework */,
			);
			name = Frameworks;
			sourceTree = "<group>";
		};
		EE1AC1DDF2C0D31676409E37 /* Pods */ = {
			isa = PBXGroup;
			children = (
				8D7A6A988655E09D60ED3A69 /* Pods-ToDoey.debug.xcconfig */,
				40EA08D4BC67E3DFAFCC05C9 /* Pods-ToDoey.release.xcconfig */,
			);
			name = Pods;
			sourceTree = "<group>";
		};
/* End PBXGroup section */

/* Begin PBXNativeTarget section */
		65BB781020E3D93100A3E353 /* ToDoey */ = {
			isa = PBXNativeTarget;
			buildConfigurationList = 65BB782320E3D93300A3E353 /* Build configuration list for PBXNativeTarget "ToDoey" */;
			buildPhases = (
				2F84E4298D3383E9C88E4947 /* [CP] Check Pods Manifest.lock */,
				65BB780D20E3D93100A3E353 /* Sources */,
				65BB780E20E3D93100A3E353 /* Frameworks */,
				65BB780F20E3D93100A3E353 /* Resources */,
				BEF6D91F240534F9646C3128 /* [CP] Embed Pods Frameworks */,
			);
			buildRules = (
			);
			dependencies = (
			);
			name = ToDoey;
			productName = ToDoey;
			productReference = 65BB781120E3D93100A3E353 /* ToDoey.app */;
			productType = "com.apple.product-type.application";
		};
/* End PBXNativeTarget section */

/* Begin PBXProject section */
		65BB780920E3D93100A3E353 /* Project object */ = {
			isa = PBXProject;
			attributes = {
				LastSwiftUpdateCheck = 0940;
				LastUpgradeCheck = 0940;
				ORGANIZATIONNAME = "Jawahar Tunuguntla";
				TargetAttributes = {
					65BB781020E3D93100A3E353 = {
						CreatedOnToolsVersion = 9.4.1;
					};
				};
			};
			buildConfigurationList = 65BB780C20E3D93100A3E353 /* Build configuration list for PBXProject "ToDoey" */;
			compatibilityVersion = "Xcode 9.3";
			developmentRegion = en;
			hasScannedForEncodings = 0;
			knownRegions = (
				en,
				Base,
			);
			mainGroup = 65BB780820E3D93100A3E353;
			productRefGroup = 65BB781220E3D93100A3E353 /* Products */;
			projectDirPath = "";
			projectRoot = "";
			targets = (
				65BB781020E3D93100A3E353 /* ToDoey */,
			);
		};
/* End PBXProject section */

/* Begin PBXResourcesBuildPhase section */
		65BB780F20E3D93100A3E353 /* Resources */ = {
			isa = PBXResourcesBuildPhase;
			buildActionMask = 2147483647;
			files = (
				65BB781F20E3D93300A3E353 /* LaunchScreen.storyboard in Resources */,
				65BB781C20E3D93300A3E353 /* Assets.xcassets in Resources */,
				65BB781A20E3D93100A3E353 /* Main.storyboard in Resources */,
			);
			runOnlyForDeploymentPostprocessing = 0;
		};
/* End PBXResourcesBuildPhase section */

/* Begin PBXShellScriptBuildPhase section */
		2F84E4298D3383E9C88E4947 /* [CP] Check Pods Manifest.lock */ = {
			isa = PBXShellScriptBuildPhase;
			buildActionMask = 2147483647;
			files = (
			);
			inputPaths = (
				"${PODS_PODFILE_DIR_PATH}/Podfile.lock",
				"${PODS_ROOT}/Manifest.lock",
			);
			name = "[CP] Check Pods Manifest.lock";
			outputPaths = (
				"$(DERIVED_FILE_DIR)/Pods-ToDoey-checkManifestLockResult.txt",
			);
			runOnlyForDeploymentPostprocessing = 0;
			shellPath = /bin/sh;
			shellScript = "diff \"${PODS_PODFILE_DIR_PATH}/Podfile.lock\" \"${PODS_ROOT}/Manifest.lock\" > /dev/null\nif [ $? != 0 ] ; then\n    # print error to STDERR\n    echo \"error: The sandbox is not in sync with the Podfile.lock. Run 'pod install' or update your CocoaPods installation.\" >&2\n    exit 1\nfi\n# This output is used by Xcode 'outputs' to avoid re-running this script phase.\necho \"SUCCESS\" > \"${SCRIPT_OUTPUT_FILE_0}\"\n";
			showEnvVarsInLog = 0;
		};
		BEF6D91F240534F9646C3128 /* [CP] Embed Pods Frameworks */ = {
			isa = PBXShellScriptBuildPhase;
			buildActionMask = 2147483647;
			files = (
			);
			inputPaths = (
				"${SRCROOT}/Pods/Target Support Files/Pods-ToDoey/Pods-ToDoey-frameworks.sh",
				"${BUILT_PRODUCTS_DIR}/ChameleonFramework/ChameleonFramework.framework",
				"${BUILT_PRODUCTS_DIR}/Realm/Realm.framework",
				"${BUILT_PRODUCTS_DIR}/RealmSwift/RealmSwift.framework",
				"${BUILT_PRODUCTS_DIR}/SwipeCellKit/SwipeCellKit.framework",
			);
			name = "[CP] Embed Pods Frameworks";
			outputPaths = (
				"${TARGET_BUILD_DIR}/${FRAMEWORKS_FOLDER_PATH}/ChameleonFramework.framework",
				"${TARGET_BUILD_DIR}/${FRAMEWORKS_FOLDER_PATH}/Realm.framework",
				"${TARGET_BUILD_DIR}/${FRAMEWORKS_FOLDER_PATH}/RealmSwift.framework",
				"${TARGET_BUILD_DIR}/${FRAMEWORKS_FOLDER_PATH}/SwipeCellKit.framework",
			);
			runOnlyForDeploymentPostprocessing = 0;
			shellPath = /bin/sh;
			shellScript = "\"${SRCROOT}/Pods/Target Support Files/Pods-ToDoey/Pods-ToDoey-frameworks.sh\"\n";
			showEnvVarsInLog = 0;
		};
/* End PBXShellScriptBuildPhase section */

/* Begin PBXSourcesBuildPhase section */
		65BB780D20E3D93100A3E353 /* Sources */ = {
			isa = PBXSourcesBuildPhase;
			buildActionMask = 2147483647;
			files = (
				65CA663920E66285003502F5 /* Item.swift in Sources */,
				6554C3D120E6383600A030DA /* CatagoryViewController.swift in Sources */,
				65BB781720E3D93100A3E353 /* ToDoListViewController.swift in Sources */,
				65CA663B20E66296003502F5 /* Catagory.swift in Sources */,
				654F4CC120E69E6B007B5688 /* SwipeTableViewController.swift in Sources */,
				65BB781520E3D93100A3E353 /* AppDelegate.swift in Sources */,
			);
			runOnlyForDeploymentPostprocessing = 0;
		};
/* End PBXSourcesBuildPhase section */

/* Begin PBXVariantGroup section */
		65BB781820E3D93100A3E353 /* Main.storyboard */ = {
			isa = PBXVariantGroup;
			children = (
				65BB781920E3D93100A3E353 /* Base */,
			);
			name = Main.storyboard;
			sourceTree = "<group>";
		};
		65BB781D20E3D93300A3E353 /* LaunchScreen.storyboard */ = {
			isa = PBXVariantGroup;
			children = (
				65BB781E20E3D93300A3E353 /* Base */,
			);
			name = LaunchScreen.storyboard;
			sourceTree = "<group>";
		};
/* End PBXVariantGroup section */

/* Begin XCBuildConfiguration section */
		65BB782120E3D93300A3E353 /* Debug */ = {
			isa = XCBuildConfiguration;
			buildSettings = {
				ALWAYS_SEARCH_USER_PATHS = NO;
				CLANG_ANALYZER_NONNULL = YES;
				CLANG_ANALYZER_NUMBER_OBJECT_CONVERSION = YES_AGGRESSIVE;
				CLANG_CXX_LANGUAGE_STANDARD = "gnu++14";
				CLANG_CXX_LIBRARY = "libc++";
				CLANG_ENABLE_MODULES = YES;
				CLANG_ENABLE_OBJC_ARC = YES;
				CLANG_ENABLE_OBJC_WEAK = YES;
				CLANG_WARN_BLOCK_CAPTURE_AUTORELEASING = YES;
				CLANG_WARN_BOOL_CONVERSION = YES;
				CLANG_WARN_COMMA = YES;
				CLANG_WARN_CONSTANT_CONVERSION = YES;
				CLANG_WARN_DEPRECATED_OBJC_IMPLEMENTATIONS = YES;
				CLANG_WARN_DIRECT_OBJC_ISA_USAGE = YES_ERROR;
				CLANG_WARN_DOCUMENTATION_COMMENTS = YES;
				CLANG_WARN_EMPTY_BODY = YES;
				CLANG_WARN_ENUM_CONVERSION = YES;
				CLANG_WARN_INFINITE_RECURSION = YES;
				CLANG_WARN_INT_CONVERSION = YES;
				CLANG_WARN_NON_LITERAL_NULL_CONVERSION = YES;
				CLANG_WARN_OBJC_IMPLICIT_RETAIN_SELF = YES;
				CLANG_WARN_OBJC_LITERAL_CONVERSION = YES;
				CLANG_WARN_OBJC_ROOT_CLASS = YES_ERROR;
				CLANG_WARN_RANGE_LOOP_ANALYSIS = YES;
				CLANG_WARN_STRICT_PROTOTYPES = YES;
				CLANG_WARN_SUSPICIOUS_MOVE = YES;
				CLANG_WARN_UNGUARDED_AVAILABILITY = YES_AGGRESSIVE;
				CLANG_WARN_UNREACHABLE_CODE = YES;
				CLANG_WARN__DUPLICATE_METHOD_MATCH = YES;
				CODE_SIGN_IDENTITY = "iPhone Developer";
				COPY_PHASE_STRIP = NO;
				DEBUG_INFORMATION_FORMAT = dwarf;
				ENABLE_STRICT_OBJC_MSGSEND = YES;
				ENABLE_TESTABILITY = YES;
				GCC_C_LANGUAGE_STANDARD = gnu11;
				GCC_DYNAMIC_NO_PIC = NO;
				GCC_NO_COMMON_BLOCKS = YES;
				GCC_OPTIMIZATION_LEVEL = 0;
				GCC_PREPROCESSOR_DEFINITIONS = (
					"DEBUG=1",
					"$(inherited)",
				);
				GCC_WARN_64_TO_32_BIT_CONVERSION = YES;
				GCC_WARN_ABOUT_RETURN_TYPE = YES_ERROR;
				GCC_WARN_UNDECLARED_SELECTOR = YES;
				GCC_WARN_UNINITIALIZED_AUTOS = YES_AGGRESSIVE;
				GCC_WARN_UNUSED_FUNCTION = YES;
				GCC_WARN_UNUSED_VARIABLE = YES;
				IPHONEOS_DEPLOYMENT_TARGET = 11.4;
				MTL_ENABLE_DEBUG_INFO = YES;
				ONLY_ACTIVE_ARCH = YES;
				SDKROOT = iphoneos;
				SWIFT_ACTIVE_COMPILATION_CONDITIONS = DEBUG;
				SWIFT_OPTIMIZATION_LEVEL = "-Onone";
			};
			name = Debug;
		};
		65BB782220E3D93300A3E353 /* Release */ = {
			isa = XCBuildConfiguration;
			buildSettings = {
				ALWAYS_SEARCH_USER_PATHS = NO;
				CLANG_ANALYZER_NONNULL = YES;
				CLANG_ANALYZER_NUMBER_OBJECT_CONVERSION = YES_AGGRESSIVE;
				CLANG_CXX_LANGUAGE_STANDARD = "gnu++14";
				CLANG_CXX_LIBRARY = "libc++";
				CLANG_ENABLE_MODULES = YES;
				CLANG_ENABLE_OBJC_ARC = YES;
				CLANG_ENABLE_OBJC_WEAK = YES;
				CLANG_WARN_BLOCK_CAPTURE_AUTORELEASING = YES;
				CLANG_WARN_BOOL_CONVERSION = YES;
				CLANG_WARN_COMMA = YES;
				CLANG_WARN_CONSTANT_CONVERSION = YES;
				CLANG_WARN_DEPRECATED_OBJC_IMPLEMENTATIONS = YES;
				CLANG_WARN_DIRECT_OBJC_ISA_USAGE = YES_ERROR;
				CLANG_WARN_DOCUMENTATION_COMMENTS = YES;
				CLANG_WARN_EMPTY_BODY = YES;
				CLANG_WARN_ENUM_CONVERSION = YES;
				CLANG_WARN_INFINITE_RECURSION = YES;
				CLANG_WARN_INT_CONVERSION = YES;
				CLANG_WARN_NON_LITERAL_NULL_CONVERSION = YES;
				CLANG_WARN_OBJC_IMPLICIT_RETAIN_SELF = YES;
				CLANG_WARN_OBJC_LITERAL_CONVERSION = YES;
				CLANG_WARN_OBJC_ROOT_CLASS = YES_ERROR;
				CLANG_WARN_RANGE_LOOP_ANALYSIS = YES;
				CLANG_WARN_STRICT_PROTOTYPES = YES;
				CLANG_WARN_SUSPICIOUS_MOVE = YES;
				CLANG_WARN_UNGUARDED_AVAILABILITY = YES_AGGRESSIVE;
				CLANG_WARN_UNREACHABLE_CODE = YES;
				CLANG_WARN__DUPLICATE_METHOD_MATCH = YES;
				CODE_SIGN_IDENTITY = "iPhone Developer";
				COPY_PHASE_STRIP = NO;
				DEBUG_INFORMATION_FORMAT = "dwarf-with-dsym";
				ENABLE_NS_ASSERTIONS = NO;
				ENABLE_STRICT_OBJC_MSGSEND = YES;
				GCC_C_LANGUAGE_STANDARD = gnu11;
				GCC_NO_COMMON_BLOCKS = YES;
				GCC_WARN_64_TO_32_BIT_CONVERSION = YES;
				GCC_WARN_ABOUT_RETURN_TYPE = YES_ERROR;
				GCC_WARN_UNDECLARED_SELECTOR = YES;
				GCC_WARN_UNINITIALIZED_AUTOS = YES_AGGRESSIVE;
				GCC_WARN_UNUSED_FUNCTION = YES;
				GCC_WARN_UNUSED_VARIABLE = YES;
				IPHONEOS_DEPLOYMENT_TARGET = 11.4;
				MTL_ENABLE_DEBUG_INFO = NO;
				SDKROOT = iphoneos;
				SWIFT_COMPILATION_MODE = wholemodule;
				SWIFT_OPTIMIZATION_LEVEL = "-O";
				VALIDATE_PRODUCT = YES;
			};
			name = Release;
		};
		65BB782420E3D93300A3E353 /* Debug */ = {
			isa = XCBuildConfiguration;
			baseConfigurationReference = 8D7A6A988655E09D60ED3A69 /* Pods-ToDoey.debug.xcconfig */;
			buildSettings = {
				ASSETCATALOG_COMPILER_APPICON_NAME = AppIcon;
				CODE_SIGN_STYLE = Automatic;
				DEVELOPMENT_TEAM = A5TG25P8KJ;
				INFOPLIST_FILE = ToDoey/Info.plist;
				LD_RUNPATH_SEARCH_PATHS = (
					"$(inherited)",
					"@executable_path/Frameworks",
				);
				PRODUCT_BUNDLE_IDENTIFIER = com.JawaharT.ToDoey;
				PRODUCT_NAME = "$(TARGET_NAME)";
				SWIFT_VERSION = 4.0;
				TARGETED_DEVICE_FAMILY = 1;
			};
			name = Debug;
		};
		65BB782520E3D93300A3E353 /* Release */ = {
			isa = XCBuildConfiguration;
			baseConfigurationReference = 40EA08D4BC67E3DFAFCC05C9 /* Pods-ToDoey.release.xcconfig */;
			buildSettings = {
				ASSETCATALOG_COMPILER_APPICON_NAME = AppIcon;
				CODE_SIGN_STYLE = Automatic;
				DEVELOPMENT_TEAM = A5TG25P8KJ;
				INFOPLIST_FILE = ToDoey/Info.plist;
				LD_RUNPATH_SEARCH_PATHS = (
					"$(inherited)",
					"@executable_path/Frameworks",
				);
				PRODUCT_BUNDLE_IDENTIFIER = com.JawaharT.ToDoey;
				PRODUCT_NAME = "$(TARGET_NAME)";
				SWIFT_VERSION = 4.0;
				TARGETED_DEVICE_FAMILY = 1;
			};
			name = Release;
		};
/* End XCBuildConfiguration section */

/* Begin XCConfigurationList section */
		65BB780C20E3D93100A3E353 /* Build configuration list for PBXProject "ToDoey" */ = {
			isa = XCConfigurationList;
			buildConfigurations = (
				65BB782120E3D93300A3E353 /* Debug */,
				65BB782220E3D93300A3E353 /* Release */,
			);
			defaultConfigurationIsVisible = 0;
			defaultConfigurationName = Release;
		};
		65BB782320E3D93300A3E353 /* Build configuration list for PBXNativeTarget "ToDoey" */ = {
			isa = XCConfigurationList;
			buildConfigurations = (
				65BB782420E3D93300A3E353 /* Debug */,
				65BB782520E3D93300A3E353 /* Release */,
			);
			defaultConfigurationIsVisible = 0;
			defaultConfigurationName = Release;
		};
/* End XCConfigurationList section */
	};
	rootObject = 65BB780920E3D93100A3E353 /* Project object */;
}
